
Microsoft Visual Studio Solution File, Format Version 12.00
# Visual Studio Version 17
VisualStudioVersion = 17.13.35818.85 d17.13
MinimumVisualStudioVersion = 10.0.40219.1
Project("{FAE04EC0-301F-11D3-BF4B-00C04F79EFBC}") = "OrderManagementApp", "OrderManagementApp\OrderManagementApp.csproj", "{3D8135E6-46CD-46E1-9181-6F27AAB6E7C7}"
EndProject
Global
	GlobalSection(SolutionConfigurationPlatforms) = preSolution
		Debug|Any CPU = Debug|Any CPU
		Release|Any CPU = Release|Any CPU
	EndGlobalSection
	GlobalSection(ProjectConfigurationPlatforms) = postSolution
		{3D8135E6-46CD-46E1-9181-6F27AAB6E7C7}.Debug|Any CPU.ActiveCfg = Debug|Any CPU
		{3D8135E6-46CD-46E1-9181-6F27AAB6E7C7}.Debug|Any CPU.Build.0 = Debug|Any CPU
		{3D8135E6-46CD-46E1-9181-6F27AAB6E7C7}.Release|Any CPU.ActiveCfg = Release|Any CPU
		{3D8135E6-46CD-46E1-9181-6F27AAB6E7C7}.Release|Any CPU.Build.0 = Release|Any CPU
	EndGlobalSection
	GlobalSection(SolutionProperties) = preSolution
		HideSolutionNode = FALSE
	EndGlobalSection
	GlobalSection(ExtensibilityGlobals) = postSolution
		SolutionGuid = {E87796F5-8BD9-4FD8-9D70-32381048F036}
	EndGlobalSection
EndGlobal
