
Microsoft Visual Studio Solution File, Format Version 12.00
# Visual Studio Version 17
VisualStudioVersion = 17.13.35818.85 d17.13
MinimumVisualStudioVersion = 10.0.40219.1
Project("{FAE04EC0-301F-11D3-BF4B-00C04F79EFBC}") = "assignment5", "assignment5\assignment5.csproj", "{B30DE3FC-E701-414A-AE54-7778319C238B}"
EndProject
Global
	GlobalSection(SolutionConfigurationPlatforms) = preSolution
		Debug|Any CPU = Debug|Any CPU
		Release|Any CPU = Release|Any CPU
	EndGlobalSection
	GlobalSection(ProjectConfigurationPlatforms) = postSolution
		{B30DE3FC-E701-414A-AE54-7778319C238B}.Debug|Any CPU.ActiveCfg = Debug|Any CPU
		{B30DE3FC-E701-414A-AE54-7778319C238B}.Debug|Any CPU.Build.0 = Debug|Any CPU
		{B30DE3FC-E701-414A-AE54-7778319C238B}.Release|Any CPU.ActiveCfg = Release|Any CPU
		{B30DE3FC-E701-414A-AE54-7778319C238B}.Release|Any CPU.Build.0 = Release|Any CPU
	EndGlobalSection
	GlobalSection(SolutionProperties) = preSolution
		HideSolutionNode = FALSE
	EndGlobalSection
	GlobalSection(ExtensibilityGlobals) = postSolution
		SolutionGuid = {CC4382F7-9821-4155-BFC9-9AD3E00A2865}
	EndGlobalSection
EndGlobal
