
Microsoft Visual Studio Solution File, Format Version 12.00
# Visual Studio Version 17
VisualStudioVersion = 17.13.35818.85 d17.13
MinimumVisualStudioVersion = 10.0.40219.1
Project("{FAE04EC0-301F-11D3-BF4B-00C04F79EFBC}") = "assignment2.2", "assignment2.2\assignment2.2.csproj", "{5B50CFED-3AA8-4922-A224-0A7D6CAE319B}"
EndProject
Global
	GlobalSection(SolutionConfigurationPlatforms) = preSolution
		Debug|Any CPU = Debug|Any CPU
		Release|Any CPU = Release|Any CPU
	EndGlobalSection
	GlobalSection(ProjectConfigurationPlatforms) = postSolution
		{5B50CFED-3AA8-4922-A224-0A7D6CAE319B}.Debug|Any CPU.ActiveCfg = Debug|Any CPU
		{5B50CFED-3AA8-4922-A224-0A7D6CAE319B}.Debug|Any CPU.Build.0 = Debug|Any CPU
		{5B50CFED-3AA8-4922-A224-0A7D6CAE319B}.Release|Any CPU.ActiveCfg = Release|Any CPU
		{5B50CFED-3AA8-4922-A224-0A7D6CAE319B}.Release|Any CPU.Build.0 = Release|Any CPU
	EndGlobalSection
	GlobalSection(SolutionProperties) = preSolution
		HideSolutionNode = FALSE
	EndGlobalSection
	GlobalSection(ExtensibilityGlobals) = postSolution
		SolutionGuid = {01EAE290-F9A5-43D6-AD6A-556CC7B6B201}
	EndGlobalSection
EndGlobal
